// !$*UTF8*$!
{
	archiveVersion = 1;
	classes = {
	};
	objectVersion = 55;
	objects = {

/* Begin PBXBuildFile section */
		501A695A2732FB3600E1172F /* ImageCache.swift in Sources */ = {isa = PBXBuildFile; fileRef = 501A69592732FB3600E1172F /* ImageCache.swift */; };
		EF753FED2731B1E50063FE3E /* AppDelegate.swift in Sources */ = {isa = PBXBuildFile; fileRef = EF753FEC2731B1E50063FE3E /* AppDelegate.swift */; };
		EF753FEF2731B1E50063FE3E /* SceneDelegate.swift in Sources */ = {isa = PBXBuildFile; fileRef = EF753FEE2731B1E50063FE3E /* SceneDelegate.swift */; };
		EF753FF12731B1E50063FE3E /* MainViewController.swift in Sources */ = {isa = PBXBuildFile; fileRef = EF753FF02731B1E50063FE3E /* MainViewController.swift */; };
		EF753FF42731B1E50063FE3E /* Main.storyboard in Resources */ = {isa = PBXBuildFile; fileRef = EF753FF22731B1E50063FE3E /* Main.storyboard */; };
		EF753FF62731B1E60063FE3E /* Assets.xcassets in Resources */ = {isa = PBXBuildFile; fileRef = EF753FF52731B1E60063FE3E /* Assets.xcassets */; };
		EF753FF92731B1E60063FE3E /* LaunchScreen.storyboard in Resources */ = {isa = PBXBuildFile; fileRef = EF753FF72731B1E60063FE3E /* LaunchScreen.storyboard */; };
		EF7540082731BB9D0063FE3E /* RestaurantModel.swift in Sources */ = {isa = PBXBuildFile; fileRef = EF7540072731BB9D0063FE3E /* RestaurantModel.swift */; };
		EF75400A2731C0940063FE3E /* NetworkingRequest.swift in Sources */ = {isa = PBXBuildFile; fileRef = EF7540092731C0940063FE3E /* NetworkingRequest.swift */; };
		EF75400C2731C0CF0063FE3E /* InternetViewController.swift in Sources */ = {isa = PBXBuildFile; fileRef = EF75400B2731C0CF0063FE3E /* InternetViewController.swift */; };
		EF75400E2731C1880063FE3E /* MapViewController.swift in Sources */ = {isa = PBXBuildFile; fileRef = EF75400D2731C1880063FE3E /* MapViewController.swift */; };
		EF7540102731C1BA0063FE3E /* MainViewModel.swift in Sources */ = {isa = PBXBuildFile; fileRef = EF75400F2731C1BA0063FE3E /* MainViewModel.swift */; };
		EF7540122731C2230063FE3E /* Coordinator.swift in Sources */ = {isa = PBXBuildFile; fileRef = EF7540112731C2230063FE3E /* Coordinator.swift */; };
		EF7540142731C2340063FE3E /* InternetViewModel.swift in Sources */ = {isa = PBXBuildFile; fileRef = EF7540132731C2340063FE3E /* InternetViewModel.swift */; };
		EF7540162731C23A0063FE3E /* MapViewModel.swift in Sources */ = {isa = PBXBuildFile; fileRef = EF7540152731C23A0063FE3E /* MapViewModel.swift */; };
		EF75401C2731C3210063FE3E /* myCell.swift in Sources */ = {isa = PBXBuildFile; fileRef = EF75401A2731C3210063FE3E /* myCell.swift */; };
		EF75401D2731C3210063FE3E /* myCell.xib in Resources */ = {isa = PBXBuildFile; fileRef = EF75401B2731C3210063FE3E /* myCell.xib */; };
		EF7540202732DF940063FE3E /* Map.storyboard in Resources */ = {isa = PBXBuildFile; fileRef = EF75401F2732DF940063FE3E /* Map.storyboard */; };
/* End PBXBuildFile section */

/* Begin PBXFileReference section */
		501A69592732FB3600E1172F /* ImageCache.swift */ = {isa = PBXFileReference; lastKnownFileType = sourcecode.swift; path = ImageCache.swift; sourceTree = "<group>"; };
		EF753FE92731B1E50063FE3E /* RestaurantProject.app */ = {isa = PBXFileReference; explicitFileType = wrapper.application; includeInIndex = 0; path = RestaurantProject.app; sourceTree = BUILT_PRODUCTS_DIR; };
		EF753FEC2731B1E50063FE3E /* AppDelegate.swift */ = {isa = PBXFileReference; lastKnownFileType = sourcecode.swift; path = AppDelegate.swift; sourceTree = "<group>"; };
		EF753FEE2731B1E50063FE3E /* SceneDelegate.swift */ = {isa = PBXFileReference; lastKnownFileType = sourcecode.swift; path = SceneDelegate.swift; sourceTree = "<group>"; };
		EF753FF02731B1E50063FE3E /* MainViewController.swift */ = {isa = PBXFileReference; lastKnownFileType = sourcecode.swift; path = MainViewController.swift; sourceTree = "<group>"; };
		EF753FF32731B1E50063FE3E /* Base */ = {isa = PBXFileReference; lastKnownFileType = file.storyboard; name = Base; path = Base.lproj/Main.storyboard; sourceTree = "<group>"; };
		EF753FF52731B1E60063FE3E /* Assets.xcassets */ = {isa = PBXFileReference; lastKnownFileType = folder.assetcatalog; path = Assets.xcassets; sourceTree = "<group>"; };
		EF753FF82731B1E60063FE3E /* Base */ = {isa = PBXFileReference; lastKnownFileType = file.storyboard; name = Base; path = Base.lproj/LaunchScreen.storyboard; sourceTree = "<group>"; };
		EF753FFA2731B1E60063FE3E /* Info.plist */ = {isa = PBXFileReference; lastKnownFileType = text.plist.xml; path = Info.plist; sourceTree = "<group>"; };
		EF7540072731BB9D0063FE3E /* RestaurantModel.swift */ = {isa = PBXFileReference; lastKnownFileType = sourcecode.swift; path = RestaurantModel.swift; sourceTree = "<group>"; };
		EF7540092731C0940063FE3E /* NetworkingRequest.swift */ = {isa = PBXFileReference; lastKnownFileType = sourcecode.swift; path = NetworkingRequest.swift; sourceTree = "<group>"; };
		EF75400B2731C0CF0063FE3E /* InternetViewController.swift */ = {isa = PBXFileReference; lastKnownFileType = sourcecode.swift; path = InternetViewController.swift; sourceTree = "<group>"; };
		EF75400D2731C1880063FE3E /* MapViewController.swift */ = {isa = PBXFileReference; lastKnownFileType = sourcecode.swift; path = MapViewController.swift; sourceTree = "<group>"; };
		EF75400F2731C1BA0063FE3E /* MainViewModel.swift */ = {isa = PBXFileReference; lastKnownFileType = sourcecode.swift; path = MainViewModel.swift; sourceTree = "<group>"; };
		EF7540112731C2230063FE3E /* Coordinator.swift */ = {isa = PBXFileReference; lastKnownFileType = sourcecode.swift; path = Coordinator.swift; sourceTree = "<group>"; };
		EF7540132731C2340063FE3E /* InternetViewModel.swift */ = {isa = PBXFileReference; lastKnownFileType = sourcecode.swift; path = InternetViewModel.swift; sourceTree = "<group>"; };
		EF7540152731C23A0063FE3E /* MapViewModel.swift */ = {isa = PBXFileReference; lastKnownFileType = sourcecode.swift; path = MapViewModel.swift; sourceTree = "<group>"; };
		EF75401A2731C3210063FE3E /* myCell.swift */ = {isa = PBXFileReference; lastKnownFileType = sourcecode.swift; path = myCell.swift; sourceTree = "<group>"; };
		EF75401B2731C3210063FE3E /* myCell.xib */ = {isa = PBXFileReference; lastKnownFileType = file.xib; path = myCell.xib; sourceTree = "<group>"; };
		EF75401F2732DF940063FE3E /* Map.storyboard */ = {isa = PBXFileReference; lastKnownFileType = file.storyboard; path = Map.storyboard; sourceTree = "<group>"; };
/* End PBXFileReference section */

/* Begin PBXFrameworksBuildPhase section */
		EF753FE62731B1E50063FE3E /* Frameworks */ = {
			isa = PBXFrameworksBuildPhase;
			buildActionMask = 2147483647;
			files = (
			);
			runOnlyForDeploymentPostprocessing = 0;
		};
/* End PBXFrameworksBuildPhase section */

/* Begin PBXGroup section */
		501A69582732FB2000E1172F /* ImageCache */ = {
			isa = PBXGroup;
			children = (
				501A69592732FB3600E1172F /* ImageCache.swift */,
			);
			path = ImageCache;
			sourceTree = "<group>";
		};
		EF753FE02731B1E50063FE3E = {
			isa = PBXGroup;
			children = (
				EF753FEB2731B1E50063FE3E /* RestaurantProject */,
				EF753FEA2731B1E50063FE3E /* Products */,
			);
			sourceTree = "<group>";
		};
		EF753FEA2731B1E50063FE3E /* Products */ = {
			isa = PBXGroup;
			children = (
				EF753FE92731B1E50063FE3E /* RestaurantProject.app */,
			);
			name = Products;
			sourceTree = "<group>";
		};
		EF753FEB2731B1E50063FE3E /* RestaurantProject */ = {
			isa = PBXGroup;
			children = (
				501A69582732FB2000E1172F /* ImageCache */,
				EF75401E2732DF880063FE3E /* Storyboards */,
				EF7540052731BB6C0063FE3E /* Model */,
				EF7540042731BB630063FE3E /* View */,
				EF7540032731BB5B0063FE3E /* ViewModel */,
				EF7540022731BB3F0063FE3E /* Coordinator */,
				EF7540012731BB1E0063FE3E /* App Files */,
				EF7540002731BB040063FE3E /* Networking Request */,
				EF753FF52731B1E60063FE3E /* Assets.xcassets */,
				EF753FF72731B1E60063FE3E /* LaunchScreen.storyboard */,
				EF753FFA2731B1E60063FE3E /* Info.plist */,
			);
			path = RestaurantProject;
			sourceTree = "<group>";
		};
		EF7540002731BB040063FE3E /* Networking Request */ = {
			isa = PBXGroup;
			children = (
				EF7540092731C0940063FE3E /* NetworkingRequest.swift */,
			);
			path = "Networking Request";
			sourceTree = "<group>";
		};
		EF7540012731BB1E0063FE3E /* App Files */ = {
			isa = PBXGroup;
			children = (
				EF753FEE2731B1E50063FE3E /* SceneDelegate.swift */,
				EF753FEC2731B1E50063FE3E /* AppDelegate.swift */,
			);
			path = "App Files";
			sourceTree = "<group>";
		};
		EF7540022731BB3F0063FE3E /* Coordinator */ = {
			isa = PBXGroup;
			children = (
				EF7540112731C2230063FE3E /* Coordinator.swift */,
			);
			path = Coordinator;
			sourceTree = "<group>";
		};
		EF7540032731BB5B0063FE3E /* ViewModel */ = {
			isa = PBXGroup;
			children = (
				EF75400F2731C1BA0063FE3E /* MainViewModel.swift */,
				EF7540132731C2340063FE3E /* InternetViewModel.swift */,
				EF7540152731C23A0063FE3E /* MapViewModel.swift */,
			);
			path = ViewModel;
			sourceTree = "<group>";
		};
		EF7540042731BB630063FE3E /* View */ = {
			isa = PBXGroup;
			children = (
				EF753FF02731B1E50063FE3E /* MainViewController.swift */,
				EF7540172731C2F30063FE3E /* MainCollectionViewCell */,
				EF75400B2731C0CF0063FE3E /* InternetViewController.swift */,
				EF75400D2731C1880063FE3E /* MapViewController.swift */,
			);
			path = View;
			sourceTree = "<group>";
		};
		EF7540052731BB6C0063FE3E /* Model */ = {
			isa = PBXGroup;
			children = (
				EF7540072731BB9D0063FE3E /* RestaurantModel.swift */,
			);
			path = Model;
			sourceTree = "<group>";
		};
		EF7540172731C2F30063FE3E /* MainCollectionViewCell */ = {
			isa = PBXGroup;
			children = (
				EF75401A2731C3210063FE3E /* myCell.swift */,
				EF75401B2731C3210063FE3E /* myCell.xib */,
			);
			path = MainCollectionViewCell;
			sourceTree = "<group>";
		};
		EF75401E2732DF880063FE3E /* Storyboards */ = {
			isa = PBXGroup;
			children = (
				EF753FF22731B1E50063FE3E /* Main.storyboard */,
				EF75401F2732DF940063FE3E /* Map.storyboard */,
			);
			path = Storyboards;
			sourceTree = "<group>";
		};
/* End PBXGroup section */

/* Begin PBXNativeTarget section */
		EF753FE82731B1E50063FE3E /* RestaurantProject */ = {
			isa = PBXNativeTarget;
			buildConfigurationList = EF753FFD2731B1E60063FE3E /* Build configuration list for PBXNativeTarget "RestaurantProject" */;
			buildPhases = (
				EF753FE52731B1E50063FE3E /* Sources */,
				EF753FE62731B1E50063FE3E /* Frameworks */,
				EF753FE72731B1E50063FE3E /* Resources */,
			);
			buildRules = (
			);
			dependencies = (
			);
			name = RestaurantProject;
			productName = RestaurantProject;
			productReference = EF753FE92731B1E50063FE3E /* RestaurantProject.app */;
			productType = "com.apple.product-type.application";
		};
/* End PBXNativeTarget section */

/* Begin PBXProject section */
		EF753FE12731B1E50063FE3E /* Project object */ = {
			isa = PBXProject;
			attributes = {
				BuildIndependentTargetsInParallel = 1;
				LastSwiftUpdateCheck = 1310;
				LastUpgradeCheck = 1310;
				TargetAttributes = {
					EF753FE82731B1E50063FE3E = {
						CreatedOnToolsVersion = 13.1;
					};
				};
			};
			buildConfigurationList = EF753FE42731B1E50063FE3E /* Build configuration list for PBXProject "RestaurantProject" */;
			compatibilityVersion = "Xcode 13.0";
			developmentRegion = en;
			hasScannedForEncodings = 0;
			knownRegions = (
				en,
				Base,
			);
			mainGroup = EF753FE02731B1E50063FE3E;
			productRefGroup = EF753FEA2731B1E50063FE3E /* Products */;
			projectDirPath = "";
			projectRoot = "";
			targets = (
				EF753FE82731B1E50063FE3E /* RestaurantProject */,
			);
		};
/* End PBXProject section */

/* Begin PBXResourcesBuildPhase section */
		EF753FE72731B1E50063FE3E /* Resources */ = {
			isa = PBXResourcesBuildPhase;
			buildActionMask = 2147483647;
			files = (
				EF753FF92731B1E60063FE3E /* LaunchScreen.storyboard in Resources */,
				EF75401D2731C3210063FE3E /* myCell.xib in Resources */,
				EF753FF62731B1E60063FE3E /* Assets.xcassets in Resources */,
				EF753FF42731B1E50063FE3E /* Main.storyboard in Resources */,
				EF7540202732DF940063FE3E /* Map.storyboard in Resources */,
			);
			runOnlyForDeploymentPostprocessing = 0;
		};
/* End PBXResourcesBuildPhase section */

/* Begin PBXSourcesBuildPhase section */
		EF753FE52731B1E50063FE3E /* Sources */ = {
			isa = PBXSourcesBuildPhase;
			buildActionMask = 2147483647;
			files = (
				EF753FF12731B1E50063FE3E /* MainViewController.swift in Sources */,
				501A695A2732FB3600E1172F /* ImageCache.swift in Sources */,
				EF75401C2731C3210063FE3E /* myCell.swift in Sources */,
				EF753FED2731B1E50063FE3E /* AppDelegate.swift in Sources */,
				EF75400A2731C0940063FE3E /* NetworkingRequest.swift in Sources */,
				EF75400C2731C0CF0063FE3E /* InternetViewController.swift in Sources */,
				EF753FEF2731B1E50063FE3E /* SceneDelegate.swift in Sources */,
				EF7540142731C2340063FE3E /* InternetViewModel.swift in Sources */,
				EF7540162731C23A0063FE3E /* MapViewModel.swift in Sources */,
				EF7540082731BB9D0063FE3E /* RestaurantModel.swift in Sources */,
				EF75400E2731C1880063FE3E /* MapViewController.swift in Sources */,
				EF7540102731C1BA0063FE3E /* MainViewModel.swift in Sources */,
				EF7540122731C2230063FE3E /* Coordinator.swift in Sources */,
			);
			runOnlyForDeploymentPostprocessing = 0;
		};
/* End PBXSourcesBuildPhase section */

/* Begin PBXVariantGroup section */
		EF753FF22731B1E50063FE3E /* Main.storyboard */ = {
			isa = PBXVariantGroup;
			children = (
				EF753FF32731B1E50063FE3E /* Base */,
			);
			name = Main.storyboard;
			sourceTree = "<group>";
		};
		EF753FF72731B1E60063FE3E /* LaunchScreen.storyboard */ = {
			isa = PBXVariantGroup;
			children = (
				EF753FF82731B1E60063FE3E /* Base */,
			);
			name = LaunchScreen.storyboard;
			sourceTree = "<group>";
		};
/* End PBXVariantGroup section */

/* Begin XCBuildConfiguration section */
		EF753FFB2731B1E60063FE3E /* Debug */ = {
			isa = XCBuildConfiguration;
			buildSettings = {
				ALWAYS_SEARCH_USER_PATHS = NO;
				CLANG_ANALYZER_NONNULL = YES;
				CLANG_ANALYZER_NUMBER_OBJECT_CONVERSION = YES_AGGRESSIVE;
				CLANG_CXX_LANGUAGE_STANDARD = "gnu++17";
				CLANG_CXX_LIBRARY = "libc++";
				CLANG_ENABLE_MODULES = YES;
				CLANG_ENABLE_OBJC_ARC = YES;
				CLANG_ENABLE_OBJC_WEAK = YES;
				CLANG_WARN_BLOCK_CAPTURE_AUTORELEASING = YES;
				CLANG_WARN_BOOL_CONVERSION = YES;
				CLANG_WARN_COMMA = YES;
				CLANG_WARN_CONSTANT_CONVERSION = YES;
				CLANG_WARN_DEPRECATED_OBJC_IMPLEMENTATIONS = YES;
				CLANG_WARN_DIRECT_OBJC_ISA_USAGE = YES_ERROR;
				CLANG_WARN_DOCUMENTATION_COMMENTS = YES;
				CLANG_WARN_EMPTY_BODY = YES;
				CLANG_WARN_ENUM_CONVERSION = YES;
				CLANG_WARN_INFINITE_RECURSION = YES;
				CLANG_WARN_INT_CONVERSION = YES;
				CLANG_WARN_NON_LITERAL_NULL_CONVERSION = YES;
				CLANG_WARN_OBJC_IMPLICIT_RETAIN_SELF = YES;
				CLANG_WARN_OBJC_LITERAL_CONVERSION = YES;
				CLANG_WARN_OBJC_ROOT_CLASS = YES_ERROR;
				CLANG_WARN_QUOTED_INCLUDE_IN_FRAMEWORK_HEADER = YES;
				CLANG_WARN_RANGE_LOOP_ANALYSIS = YES;
				CLANG_WARN_STRICT_PROTOTYPES = YES;
				CLANG_WARN_SUSPICIOUS_MOVE = YES;
				CLANG_WARN_UNGUARDED_AVAILABILITY = YES_AGGRESSIVE;
				CLANG_WARN_UNREACHABLE_CODE = YES;
				CLANG_WARN__DUPLICATE_METHOD_MATCH = YES;
				COPY_PHASE_STRIP = NO;
				DEBUG_INFORMATION_FORMAT = dwarf;
				ENABLE_STRICT_OBJC_MSGSEND = YES;
				ENABLE_TESTABILITY = YES;
				GCC_C_LANGUAGE_STANDARD = gnu11;
				GCC_DYNAMIC_NO_PIC = NO;
				GCC_NO_COMMON_BLOCKS = YES;
				GCC_OPTIMIZATION_LEVEL = 0;
				GCC_PREPROCESSOR_DEFINITIONS = (
					"DEBUG=1",
					"$(inherited)",
				);
				GCC_WARN_64_TO_32_BIT_CONVERSION = YES;
				GCC_WARN_ABOUT_RETURN_TYPE = YES_ERROR;
				GCC_WARN_UNDECLARED_SELECTOR = YES;
				GCC_WARN_UNINITIALIZED_AUTOS = YES_AGGRESSIVE;
				GCC_WARN_UNUSED_FUNCTION = YES;
				GCC_WARN_UNUSED_VARIABLE = YES;
				IPHONEOS_DEPLOYMENT_TARGET = 15.0;
				MTL_ENABLE_DEBUG_INFO = INCLUDE_SOURCE;
				MTL_FAST_MATH = YES;
				ONLY_ACTIVE_ARCH = YES;
				SDKROOT = iphoneos;
				SWIFT_ACTIVE_COMPILATION_CONDITIONS = DEBUG;
				SWIFT_OPTIMIZATION_LEVEL = "-Onone";
			};
			name = Debug;
		};
		EF753FFC2731B1E60063FE3E /* Release */ = {
			isa = XCBuildConfiguration;
			buildSettings = {
				ALWAYS_SEARCH_USER_PATHS = NO;
				CLANG_ANALYZER_NONNULL = YES;
				CLANG_ANALYZER_NUMBER_OBJECT_CONVERSION = YES_AGGRESSIVE;
				CLANG_CXX_LANGUAGE_STANDARD = "gnu++17";
				CLANG_CXX_LIBRARY = "libc++";
				CLANG_ENABLE_MODULES = YES;
				CLANG_ENABLE_OBJC_ARC = YES;
				CLANG_ENABLE_OBJC_WEAK = YES;
				CLANG_WARN_BLOCK_CAPTURE_AUTORELEASING = YES;
				CLANG_WARN_BOOL_CONVERSION = YES;
				CLANG_WARN_COMMA = YES;
				CLANG_WARN_CONSTANT_CONVERSION = YES;
				CLANG_WARN_DEPRECATED_OBJC_IMPLEMENTATIONS = YES;
				CLANG_WARN_DIRECT_OBJC_ISA_USAGE = YES_ERROR;
				CLANG_WARN_DOCUMENTATION_COMMENTS = YES;
				CLANG_WARN_EMPTY_BODY = YES;
				CLANG_WARN_ENUM_CONVERSION = YES;
				CLANG_WARN_INFINITE_RECURSION = YES;
				CLANG_WARN_INT_CONVERSION = YES;
				CLANG_WARN_NON_LITERAL_NULL_CONVERSION = YES;
				CLANG_WARN_OBJC_IMPLICIT_RETAIN_SELF = YES;
				CLANG_WARN_OBJC_LITERAL_CONVERSION = YES;
				CLANG_WARN_OBJC_ROOT_CLASS = YES_ERROR;
				CLANG_WARN_QUOTED_INCLUDE_IN_FRAMEWORK_HEADER = YES;
				CLANG_WARN_RANGE_LOOP_ANALYSIS = YES;
				CLANG_WARN_STRICT_PROTOTYPES = YES;
				CLANG_WARN_SUSPICIOUS_MOVE = YES;
				CLANG_WARN_UNGUARDED_AVAILABILITY = YES_AGGRESSIVE;
				CLANG_WARN_UNREACHABLE_CODE = YES;
				CLANG_WARN__DUPLICATE_METHOD_MATCH = YES;
				COPY_PHASE_STRIP = NO;
				DEBUG_INFORMATION_FORMAT = "dwarf-with-dsym";
				ENABLE_NS_ASSERTIONS = NO;
				ENABLE_STRICT_OBJC_MSGSEND = YES;
				GCC_C_LANGUAGE_STANDARD = gnu11;
				GCC_NO_COMMON_BLOCKS = YES;
				GCC_WARN_64_TO_32_BIT_CONVERSION = YES;
				GCC_WARN_ABOUT_RETURN_TYPE = YES_ERROR;
				GCC_WARN_UNDECLARED_SELECTOR = YES;
				GCC_WARN_UNINITIALIZED_AUTOS = YES_AGGRESSIVE;
				GCC_WARN_UNUSED_FUNCTION = YES;
				GCC_WARN_UNUSED_VARIABLE = YES;
				IPHONEOS_DEPLOYMENT_TARGET = 15.0;
				MTL_ENABLE_DEBUG_INFO = NO;
				MTL_FAST_MATH = YES;
				SDKROOT = iphoneos;
				SWIFT_COMPILATION_MODE = wholemodule;
				SWIFT_OPTIMIZATION_LEVEL = "-O";
				VALIDATE_PRODUCT = YES;
			};
			name = Release;
		};
		EF753FFE2731B1E60063FE3E /* Debug */ = {
			isa = XCBuildConfiguration;
			buildSettings = {
				ASSETCATALOG_COMPILER_APPICON_NAME = AppIcon;
				ASSETCATALOG_COMPILER_GLOBAL_ACCENT_COLOR_NAME = AccentColor;
				CODE_SIGN_STYLE = Automatic;
				CURRENT_PROJECT_VERSION = 1;
				DEVELOPMENT_TEAM = KNT9QUH8B5;
				GENERATE_INFOPLIST_FILE = YES;
				INFOPLIST_FILE = RestaurantProject/Info.plist;
				INFOPLIST_KEY_UIApplicationSupportsIndirectInputEvents = YES;
				INFOPLIST_KEY_UILaunchStoryboardName = LaunchScreen;
				INFOPLIST_KEY_UIMainStoryboardFile = Main;
				INFOPLIST_KEY_UISupportedInterfaceOrientations_iPad = "UIInterfaceOrientationPortrait UIInterfaceOrientationPortraitUpsideDown UIInterfaceOrientationLandscapeLeft UIInterfaceOrientationLandscapeRight";
				INFOPLIST_KEY_UISupportedInterfaceOrientations_iPhone = "UIInterfaceOrientationPortrait UIInterfaceOrientationLandscapeLeft UIInterfaceOrientationLandscapeRight";
				LD_RUNPATH_SEARCH_PATHS = (
					"$(inherited)",
					"@executable_path/Frameworks",
				);
				MARKETING_VERSION = 1.0;
				PRODUCT_BUNDLE_IDENTIFIER = DanielBrannon.RestaurantProject;
				PRODUCT_NAME = "$(TARGET_NAME)";
				SWIFT_EMIT_LOC_STRINGS = YES;
				SWIFT_VERSION = 5.0;
				TARGETED_DEVICE_FAMILY = "1,2";
			};
			name = Debug;
		};
		EF753FFF2731B1E60063FE3E /* Release */ = {
			isa = XCBuildConfiguration;
			buildSettings = {
				ASSETCATALOG_COMPILER_APPICON_NAME = AppIcon;
				ASSETCATALOG_COMPILER_GLOBAL_ACCENT_COLOR_NAME = AccentColor;
				CODE_SIGN_STYLE = Automatic;
				CURRENT_PROJECT_VERSION = 1;
				DEVELOPMENT_TEAM = KNT9QUH8B5;
				GENERATE_INFOPLIST_FILE = YES;
				INFOPLIST_FILE = RestaurantProject/Info.plist;
				INFOPLIST_KEY_UIApplicationSupportsIndirectInputEvents = YES;
				INFOPLIST_KEY_UILaunchStoryboardName = LaunchScreen;
				INFOPLIST_KEY_UIMainStoryboardFile = Main;
				INFOPLIST_KEY_UISupportedInterfaceOrientations_iPad = "UIInterfaceOrientationPortrait UIInterfaceOrientationPortraitUpsideDown UIInterfaceOrientationLandscapeLeft UIInterfaceOrientationLandscapeRight";
				INFOPLIST_KEY_UISupportedInterfaceOrientations_iPhone = "UIInterfaceOrientationPortrait UIInterfaceOrientationLandscapeLeft UIInterfaceOrientationLandscapeRight";
				LD_RUNPATH_SEARCH_PATHS = (
					"$(inherited)",
					"@executable_path/Frameworks",
				);
				MARKETING_VERSION = 1.0;
				PRODUCT_BUNDLE_IDENTIFIER = DanielBrannon.RestaurantProject;
				PRODUCT_NAME = "$(TARGET_NAME)";
				SWIFT_EMIT_LOC_STRINGS = YES;
				SWIFT_VERSION = 5.0;
				TARGETED_DEVICE_FAMILY = "1,2";
			};
			name = Release;
		};
/* End XCBuildConfiguration section */

/* Begin XCConfigurationList section */
		EF753FE42731B1E50063FE3E /* Build configuration list for PBXProject "RestaurantProject" */ = {
			isa = XCConfigurationList;
			buildConfigurations = (
				EF753FFB2731B1E60063FE3E /* Debug */,
				EF753FFC2731B1E60063FE3E /* Release */,
			);
			defaultConfigurationIsVisible = 0;
			defaultConfigurationName = Release;
		};
		EF753FFD2731B1E60063FE3E /* Build configuration list for PBXNativeTarget "RestaurantProject" */ = {
			isa = XCConfigurationList;
			buildConfigurations = (
				EF753FFE2731B1E60063FE3E /* Debug */,
				EF753FFF2731B1E60063FE3E /* Release */,
			);
			defaultConfigurationIsVisible = 0;
			defaultConfigurationName = Release;
		};
/* End XCConfigurationList section */
	};
	rootObject = EF753FE12731B1E50063FE3E /* Project object */;
}
